// !$*UTF8*$!
{
	archiveVersion = 1;
	classes = {
	};
	objectVersion = 54;
	objects = {

/* Begin PBXBuildFile section */
		00E356F31AD99517003FC87E /* XimpleTestTests.m in Sources */ = {isa = PBXBuildFile; fileRef = 00E356F21AD99517003FC87E /* XimpleTestTests.m */; };
		0AD84A97938C412392C9102F /* Inter-Regular.ttf in Resources */ = {isa = PBXBuildFile; fileRef = 877C053972D447AEBB0F1250 /* Inter-Regular.ttf */; };
		0C80B921A6F3F58F76C31292 /* libPods-XimpleTest.a in Frameworks */ = {isa = PBXBuildFile; fileRef = 5DCACB8F33CDC322A6C60F78 /* libPods-XimpleTest.a */; };
		13B07FBC1A68108700A75B9A /* AppDelegate.mm in Sources */ = {isa = PBXBuildFile; fileRef = 13B07FB01A68108700A75B9A /* AppDelegate.mm */; };
		13B07FBF1A68108700A75B9A /* Images.xcassets in Resources */ = {isa = PBXBuildFile; fileRef = 13B07FB51A68108700A75B9A /* Images.xcassets */; };
		13B07FC11A68108700A75B9A /* main.m in Sources */ = {isa = PBXBuildFile; fileRef = 13B07FB71A68108700A75B9A /* main.m */; };
		14B1057FBAC9493B8CBC6F71 /* Inter-Black.ttf in Resources */ = {isa = PBXBuildFile; fileRef = 46F7FEAB7F5B4F1383F0B354 /* Inter-Black.ttf */; };
		18E33DFB58D047D78BED434B /* Inter-Light.ttf in Resources */ = {isa = PBXBuildFile; fileRef = 6CDE4F7F305D4911882BF051 /* Inter-Light.ttf */; };
		1A38B433E9B5415AA52E2BCD /* PlusJakartaSans-Light.ttf in Resources */ = {isa = PBXBuildFile; fileRef = F19C596D9E344C9496C53E72 /* PlusJakartaSans-Light.ttf */; };
		531D836696A54F0DAD05121D /* PlusJakartaSans-SemiBold.ttf in Resources */ = {isa = PBXBuildFile; fileRef = 9F96B2107A28404BA654B264 /* PlusJakartaSans-SemiBold.ttf */; };
		5FAEABB71DE3480BA1FB47DF /* Inter-ExtraBold.ttf in Resources */ = {isa = PBXBuildFile; fileRef = 6F6199A6ECBF43BEBA1D68C9 /* Inter-ExtraBold.ttf */; };
		6CECECB7D7634EF8870F0816 /* Inter-SemiBold.ttf in Resources */ = {isa = PBXBuildFile; fileRef = 54E458CE08044E1F879FABC6 /* Inter-SemiBold.ttf */; };
		7699B88040F8A987B510C191 /* libPods-XimpleTest-XimpleTestTests.a in Frameworks */ = {isa = PBXBuildFile; fileRef = 19F6CBCC0A4E27FBF8BF4A61 /* libPods-XimpleTest-XimpleTestTests.a */; };
		7EC729CE41B6449F955EF25F /* PlusJakartaSans-Regular.ttf in Resources */ = {isa = PBXBuildFile; fileRef = 96A566571E174B758E210F4D /* PlusJakartaSans-Regular.ttf */; };
		81AB9BB82411601600AC10FF /* LaunchScreen.storyboard in Resources */ = {isa = PBXBuildFile; fileRef = 81AB9BB72411601600AC10FF /* LaunchScreen.storyboard */; };
		879B337743FC419DB48066B5 /* PlusJakartaSans-MediumItalic.ttf in Resources */ = {isa = PBXBuildFile; fileRef = 08A0B17A94C04C66AF98DC84 /* PlusJakartaSans-MediumItalic.ttf */; };
		8BC6B4CA74ED47DF828158FA /* PlusJakartaSans-ExtraLight.ttf in Resources */ = {isa = PBXBuildFile; fileRef = BE0650418E8A45AC9B741025 /* PlusJakartaSans-ExtraLight.ttf */; };
		956E9CA22BAA28AB004D0454 /* Fontisto.ttf in Resources */ = {isa = PBXBuildFile; fileRef = 956E9C8F2BAA28AB004D0454 /* Fontisto.ttf */; };
		956E9CA32BAA28AB004D0454 /* Fontisto.ttf in Resources */ = {isa = PBXBuildFile; fileRef = 956E9C8F2BAA28AB004D0454 /* Fontisto.ttf */; };
		956E9CA42BAA28AB004D0454 /* Octicons.ttf in Resources */ = {isa = PBXBuildFile; fileRef = 956E9C902BAA28AB004D0454 /* Octicons.ttf */; };
		956E9CA52BAA28AB004D0454 /* Octicons.ttf in Resources */ = {isa = PBXBuildFile; fileRef = 956E9C902BAA28AB004D0454 /* Octicons.ttf */; };
		956E9CA62BAA28AB004D0454 /* Feather.ttf in Resources */ = {isa = PBXBuildFile; fileRef = 956E9C912BAA28AB004D0454 /* Feather.ttf */; };
		956E9CA72BAA28AB004D0454 /* Feather.ttf in Resources */ = {isa = PBXBuildFile; fileRef = 956E9C912BAA28AB004D0454 /* Feather.ttf */; };
		956E9CA82BAA28AB004D0454 /* FontAwesome6_Regular.ttf in Resources */ = {isa = PBXBuildFile; fileRef = 956E9C922BAA28AB004D0454 /* FontAwesome6_Regular.ttf */; };
		956E9CA92BAA28AB004D0454 /* FontAwesome6_Regular.ttf in Resources */ = {isa = PBXBuildFile; fileRef = 956E9C922BAA28AB004D0454 /* FontAwesome6_Regular.ttf */; };
		956E9CAA2BAA28AB004D0454 /* Entypo.ttf in Resources */ = {isa = PBXBuildFile; fileRef = 956E9C932BAA28AB004D0454 /* Entypo.ttf */; };
		956E9CAB2BAA28AB004D0454 /* Entypo.ttf in Resources */ = {isa = PBXBuildFile; fileRef = 956E9C932BAA28AB004D0454 /* Entypo.ttf */; };
		956E9CAC2BAA28AB004D0454 /* FontAwesome5_Brands.ttf in Resources */ = {isa = PBXBuildFile; fileRef = 956E9C942BAA28AB004D0454 /* FontAwesome5_Brands.ttf */; };
		956E9CAD2BAA28AB004D0454 /* FontAwesome5_Brands.ttf in Resources */ = {isa = PBXBuildFile; fileRef = 956E9C942BAA28AB004D0454 /* FontAwesome5_Brands.ttf */; };
		956E9CAE2BAA28AB004D0454 /* MaterialCommunityIcons.ttf in Resources */ = {isa = PBXBuildFile; fileRef = 956E9C952BAA28AB004D0454 /* MaterialCommunityIcons.ttf */; };
		956E9CAF2BAA28AB004D0454 /* MaterialCommunityIcons.ttf in Resources */ = {isa = PBXBuildFile; fileRef = 956E9C952BAA28AB004D0454 /* MaterialCommunityIcons.ttf */; };
		956E9CB02BAA28AB004D0454 /* AntDesign.ttf in Resources */ = {isa = PBXBuildFile; fileRef = 956E9C962BAA28AB004D0454 /* AntDesign.ttf */; };
		956E9CB12BAA28AB004D0454 /* AntDesign.ttf in Resources */ = {isa = PBXBuildFile; fileRef = 956E9C962BAA28AB004D0454 /* AntDesign.ttf */; };
		956E9CB22BAA28AB004D0454 /* Foundation.ttf in Resources */ = {isa = PBXBuildFile; fileRef = 956E9C972BAA28AB004D0454 /* Foundation.ttf */; };
		956E9CB32BAA28AB004D0454 /* Foundation.ttf in Resources */ = {isa = PBXBuildFile; fileRef = 956E9C972BAA28AB004D0454 /* Foundation.ttf */; };
		956E9CB42BAA28AB004D0454 /* Ionicons.ttf in Resources */ = {isa = PBXBuildFile; fileRef = 956E9C982BAA28AB004D0454 /* Ionicons.ttf */; };
		956E9CB52BAA28AB004D0454 /* Ionicons.ttf in Resources */ = {isa = PBXBuildFile; fileRef = 956E9C982BAA28AB004D0454 /* Ionicons.ttf */; };
		956E9CB62BAA28AB004D0454 /* FontAwesome5_Solid.ttf in Resources */ = {isa = PBXBuildFile; fileRef = 956E9C992BAA28AB004D0454 /* FontAwesome5_Solid.ttf */; };
		956E9CB72BAA28AB004D0454 /* FontAwesome5_Solid.ttf in Resources */ = {isa = PBXBuildFile; fileRef = 956E9C992BAA28AB004D0454 /* FontAwesome5_Solid.ttf */; };
		956E9CB82BAA28AB004D0454 /* FontAwesome5_Regular.ttf in Resources */ = {isa = PBXBuildFile; fileRef = 956E9C9A2BAA28AB004D0454 /* FontAwesome5_Regular.ttf */; };
		956E9CB92BAA28AB004D0454 /* FontAwesome5_Regular.ttf in Resources */ = {isa = PBXBuildFile; fileRef = 956E9C9A2BAA28AB004D0454 /* FontAwesome5_Regular.ttf */; };
		956E9CBA2BAA28AB004D0454 /* FontAwesome.ttf in Resources */ = {isa = PBXBuildFile; fileRef = 956E9C9B2BAA28AB004D0454 /* FontAwesome.ttf */; };
		956E9CBB2BAA28AB004D0454 /* FontAwesome.ttf in Resources */ = {isa = PBXBuildFile; fileRef = 956E9C9B2BAA28AB004D0454 /* FontAwesome.ttf */; };
		956E9CBC2BAA28AB004D0454 /* Zocial.ttf in Resources */ = {isa = PBXBuildFile; fileRef = 956E9C9C2BAA28AB004D0454 /* Zocial.ttf */; };
		956E9CBD2BAA28AB004D0454 /* Zocial.ttf in Resources */ = {isa = PBXBuildFile; fileRef = 956E9C9C2BAA28AB004D0454 /* Zocial.ttf */; };
		956E9CBE2BAA28AB004D0454 /* EvilIcons.ttf in Resources */ = {isa = PBXBuildFile; fileRef = 956E9C9D2BAA28AB004D0454 /* EvilIcons.ttf */; };
		956E9CBF2BAA28AB004D0454 /* EvilIcons.ttf in Resources */ = {isa = PBXBuildFile; fileRef = 956E9C9D2BAA28AB004D0454 /* EvilIcons.ttf */; };
		956E9CC02BAA28AB004D0454 /* FontAwesome6_Solid.ttf in Resources */ = {isa = PBXBuildFile; fileRef = 956E9C9E2BAA28AB004D0454 /* FontAwesome6_Solid.ttf */; };
		956E9CC12BAA28AB004D0454 /* FontAwesome6_Solid.ttf in Resources */ = {isa = PBXBuildFile; fileRef = 956E9C9E2BAA28AB004D0454 /* FontAwesome6_Solid.ttf */; };
		956E9CC22BAA28AB004D0454 /* SimpleLineIcons.ttf in Resources */ = {isa = PBXBuildFile; fileRef = 956E9C9F2BAA28AB004D0454 /* SimpleLineIcons.ttf */; };
		956E9CC32BAA28AB004D0454 /* SimpleLineIcons.ttf in Resources */ = {isa = PBXBuildFile; fileRef = 956E9C9F2BAA28AB004D0454 /* SimpleLineIcons.ttf */; };
		956E9CC42BAA28AB004D0454 /* FontAwesome6_Brands.ttf in Resources */ = {isa = PBXBuildFile; fileRef = 956E9CA02BAA28AB004D0454 /* FontAwesome6_Brands.ttf */; };
		956E9CC52BAA28AB004D0454 /* FontAwesome6_Brands.ttf in Resources */ = {isa = PBXBuildFile; fileRef = 956E9CA02BAA28AB004D0454 /* FontAwesome6_Brands.ttf */; };
		956E9CC62BAA28AB004D0454 /* MaterialIcons.ttf in Resources */ = {isa = PBXBuildFile; fileRef = 956E9CA12BAA28AB004D0454 /* MaterialIcons.ttf */; };
		956E9CC72BAA28AB004D0454 /* MaterialIcons.ttf in Resources */ = {isa = PBXBuildFile; fileRef = 956E9CA12BAA28AB004D0454 /* MaterialIcons.ttf */; };
		A30A946618FC499DAB8BE380 /* PlusJakartaSans-BoldItalic.ttf in Resources */ = {isa = PBXBuildFile; fileRef = DC753EA36D9B4CEAB1103321 /* PlusJakartaSans-BoldItalic.ttf */; };
		AEABE7EAE7C1458F8C97E474 /* Inter-Medium.ttf in Resources */ = {isa = PBXBuildFile; fileRef = 9D83829A4C4649AF80B55490 /* Inter-Medium.ttf */; };
		AF74A5BDE3AB4DEF8E63FFEA /* Inter-Thin.ttf in Resources */ = {isa = PBXBuildFile; fileRef = F0BE8E7B03BB4574804E0653 /* Inter-Thin.ttf */; };
		BA61180FDAE74B41B4CB078B /* PlusJakartaSans-Italic.ttf in Resources */ = {isa = PBXBuildFile; fileRef = D829195456C34FC6B5551D5D /* PlusJakartaSans-Italic.ttf */; };
		C718B7332F654F17BE4D94ED /* PlusJakartaSans-ExtraBold.ttf in Resources */ = {isa = PBXBuildFile; fileRef = 86DF416BA32D45A5A3124847 /* PlusJakartaSans-ExtraBold.ttf */; };
		C9FDF23F3BC54EDDB848ED4B /* PlusJakartaSans-ExtraBoldItalic.ttf in Resources */ = {isa = PBXBuildFile; fileRef = C13023954A9C40CDBB41632E /* PlusJakartaSans-ExtraBoldItalic.ttf */; };
		CDF2A62327194B0A98EB2F3B /* PlusJakartaSans-LightItalic.ttf in Resources */ = {isa = PBXBuildFile; fileRef = 7964EF1E58014C6F9EDC82BB /* PlusJakartaSans-LightItalic.ttf */; };
		D8B606AE107040029C57CC18 /* PlusJakartaSans-Bold.ttf in Resources */ = {isa = PBXBuildFile; fileRef = 1AA3355EECB948CC98C87B71 /* PlusJakartaSans-Bold.ttf */; };
		DD9A3C878D8B4FAA858C6D24 /* PlusJakartaSans-Medium.ttf in Resources */ = {isa = PBXBuildFile; fileRef = 5E9D4FF6AE67401DA2315962 /* PlusJakartaSans-Medium.ttf */; };
		E657A91B9A4744A48C21504D /* Inter-ExtraLight.ttf in Resources */ = {isa = PBXBuildFile; fileRef = B3F5415520E04D7791B3EAD9 /* Inter-ExtraLight.ttf */; };
		F2D7230C6AED4748BDA7942A /* PlusJakartaSans-ExtraLightItalic.ttf in Resources */ = {isa = PBXBuildFile; fileRef = 78B45FFF7D7B4341B41685CC /* PlusJakartaSans-ExtraLightItalic.ttf */; };
		F6564F20B1514B9C9FB7E6A3 /* PlusJakartaSans-SemiBoldItalic.ttf in Resources */ = {isa = PBXBuildFile; fileRef = FC81CC88CA3B45ED8ADE4D26 /* PlusJakartaSans-SemiBoldItalic.ttf */; };
		F6F4D551E9B94F68938BA686 /* Inter-Bold.ttf in Resources */ = {isa = PBXBuildFile; fileRef = FB3F99D7C8DA40699C1BBDC5 /* Inter-Bold.ttf */; };
/* End PBXBuildFile section */

/* Begin PBXContainerItemProxy section */
		00E356F41AD99517003FC87E /* PBXContainerItemProxy */ = {
			isa = PBXContainerItemProxy;
			containerPortal = 83CBB9F71A601CBA00E9B192 /* Project object */;
			proxyType = 1;
			remoteGlobalIDString = 13B07F861A680F5B00A75B9A;
			remoteInfo = XimpleTest;
		};
/* End PBXContainerItemProxy section */

/* Begin PBXFileReference section */
		00E356EE1AD99517003FC87E /* XimpleTestTests.xctest */ = {isa = PBXFileReference; explicitFileType = wrapper.cfbundle; includeInIndex = 0; path = XimpleTestTests.xctest; sourceTree = BUILT_PRODUCTS_DIR; };
		00E356F11AD99517003FC87E /* Info.plist */ = {isa = PBXFileReference; lastKnownFileType = text.plist.xml; path = Info.plist; sourceTree = "<group>"; };
		00E356F21AD99517003FC87E /* XimpleTestTests.m */ = {isa = PBXFileReference; lastKnownFileType = sourcecode.c.objc; path = XimpleTestTests.m; sourceTree = "<group>"; };
		08A0B17A94C04C66AF98DC84 /* PlusJakartaSans-MediumItalic.ttf */ = {isa = PBXFileReference; explicitFileType = undefined; fileEncoding = undefined; includeInIndex = 0; lastKnownFileType = unknown; name = "PlusJakartaSans-MediumItalic.ttf"; path = "../assets/fonts/PlusJakartaSans-MediumItalic.ttf"; sourceTree = "<group>"; };
		13B07F961A680F5B00A75B9A /* XimpleTest.app */ = {isa = PBXFileReference; explicitFileType = wrapper.application; includeInIndex = 0; path = XimpleTest.app; sourceTree = BUILT_PRODUCTS_DIR; };
		13B07FAF1A68108700A75B9A /* AppDelegate.h */ = {isa = PBXFileReference; fileEncoding = 4; lastKnownFileType = sourcecode.c.h; name = AppDelegate.h; path = XimpleTest/AppDelegate.h; sourceTree = "<group>"; };
		13B07FB01A68108700A75B9A /* AppDelegate.mm */ = {isa = PBXFileReference; fileEncoding = 4; lastKnownFileType = sourcecode.cpp.objcpp; name = AppDelegate.mm; path = XimpleTest/AppDelegate.mm; sourceTree = "<group>"; };
		13B07FB51A68108700A75B9A /* Images.xcassets */ = {isa = PBXFileReference; lastKnownFileType = folder.assetcatalog; name = Images.xcassets; path = XimpleTest/Images.xcassets; sourceTree = "<group>"; };
		13B07FB61A68108700A75B9A /* Info.plist */ = {isa = PBXFileReference; fileEncoding = 4; lastKnownFileType = text.plist.xml; name = Info.plist; path = XimpleTest/Info.plist; sourceTree = "<group>"; };
		13B07FB71A68108700A75B9A /* main.m */ = {isa = PBXFileReference; fileEncoding = 4; lastKnownFileType = sourcecode.c.objc; name = main.m; path = XimpleTest/main.m; sourceTree = "<group>"; };
		19F6CBCC0A4E27FBF8BF4A61 /* libPods-XimpleTest-XimpleTestTests.a */ = {isa = PBXFileReference; explicitFileType = archive.ar; includeInIndex = 0; path = "libPods-XimpleTest-XimpleTestTests.a"; sourceTree = BUILT_PRODUCTS_DIR; };
		1AA3355EECB948CC98C87B71 /* PlusJakartaSans-Bold.ttf */ = {isa = PBXFileReference; explicitFileType = undefined; fileEncoding = undefined; includeInIndex = 0; lastKnownFileType = unknown; name = "PlusJakartaSans-Bold.ttf"; path = "../assets/fonts/PlusJakartaSans-Bold.ttf"; sourceTree = "<group>"; };
		3B4392A12AC88292D35C810B /* Pods-XimpleTest.debug.xcconfig */ = {isa = PBXFileReference; includeInIndex = 1; lastKnownFileType = text.xcconfig; name = "Pods-XimpleTest.debug.xcconfig"; path = "Target Support Files/Pods-XimpleTest/Pods-XimpleTest.debug.xcconfig"; sourceTree = "<group>"; };
		46F7FEAB7F5B4F1383F0B354 /* Inter-Black.ttf */ = {isa = PBXFileReference; explicitFileType = undefined; fileEncoding = undefined; includeInIndex = 0; lastKnownFileType = unknown; name = "Inter-Black.ttf"; path = "../assets/fonts/Inter-Black.ttf"; sourceTree = "<group>"; };
		54E458CE08044E1F879FABC6 /* Inter-SemiBold.ttf */ = {isa = PBXFileReference; explicitFileType = undefined; fileEncoding = undefined; includeInIndex = 0; lastKnownFileType = unknown; name = "Inter-SemiBold.ttf"; path = "../assets/fonts/Inter-SemiBold.ttf"; sourceTree = "<group>"; };
		5709B34CF0A7D63546082F79 /* Pods-XimpleTest.release.xcconfig */ = {isa = PBXFileReference; includeInIndex = 1; lastKnownFileType = text.xcconfig; name = "Pods-XimpleTest.release.xcconfig"; path = "Target Support Files/Pods-XimpleTest/Pods-XimpleTest.release.xcconfig"; sourceTree = "<group>"; };
		5B7EB9410499542E8C5724F5 /* Pods-XimpleTest-XimpleTestTests.debug.xcconfig */ = {isa = PBXFileReference; includeInIndex = 1; lastKnownFileType = text.xcconfig; name = "Pods-XimpleTest-XimpleTestTests.debug.xcconfig"; path = "Target Support Files/Pods-XimpleTest-XimpleTestTests/Pods-XimpleTest-XimpleTestTests.debug.xcconfig"; sourceTree = "<group>"; };
		5DCACB8F33CDC322A6C60F78 /* libPods-XimpleTest.a */ = {isa = PBXFileReference; explicitFileType = archive.ar; includeInIndex = 0; path = "libPods-XimpleTest.a"; sourceTree = BUILT_PRODUCTS_DIR; };
		5E9D4FF6AE67401DA2315962 /* PlusJakartaSans-Medium.ttf */ = {isa = PBXFileReference; explicitFileType = undefined; fileEncoding = undefined; includeInIndex = 0; lastKnownFileType = unknown; name = "PlusJakartaSans-Medium.ttf"; path = "../assets/fonts/PlusJakartaSans-Medium.ttf"; sourceTree = "<group>"; };
		6CDE4F7F305D4911882BF051 /* Inter-Light.ttf */ = {isa = PBXFileReference; explicitFileType = undefined; fileEncoding = undefined; includeInIndex = 0; lastKnownFileType = unknown; name = "Inter-Light.ttf"; path = "../assets/fonts/Inter-Light.ttf"; sourceTree = "<group>"; };
		6F6199A6ECBF43BEBA1D68C9 /* Inter-ExtraBold.ttf */ = {isa = PBXFileReference; explicitFileType = undefined; fileEncoding = undefined; includeInIndex = 0; lastKnownFileType = unknown; name = "Inter-ExtraBold.ttf"; path = "../assets/fonts/Inter-ExtraBold.ttf"; sourceTree = "<group>"; };
		78B45FFF7D7B4341B41685CC /* PlusJakartaSans-ExtraLightItalic.ttf */ = {isa = PBXFileReference; explicitFileType = undefined; fileEncoding = undefined; includeInIndex = 0; lastKnownFileType = unknown; name = "PlusJakartaSans-ExtraLightItalic.ttf"; path = "../assets/fonts/PlusJakartaSans-ExtraLightItalic.ttf"; sourceTree = "<group>"; };
		7964EF1E58014C6F9EDC82BB /* PlusJakartaSans-LightItalic.ttf */ = {isa = PBXFileReference; explicitFileType = undefined; fileEncoding = undefined; includeInIndex = 0; lastKnownFileType = unknown; name = "PlusJakartaSans-LightItalic.ttf"; path = "../assets/fonts/PlusJakartaSans-LightItalic.ttf"; sourceTree = "<group>"; };
		81AB9BB72411601600AC10FF /* LaunchScreen.storyboard */ = {isa = PBXFileReference; fileEncoding = 4; lastKnownFileType = file.storyboard; name = LaunchScreen.storyboard; path = XimpleTest/LaunchScreen.storyboard; sourceTree = "<group>"; };
		86DF416BA32D45A5A3124847 /* PlusJakartaSans-ExtraBold.ttf */ = {isa = PBXFileReference; explicitFileType = undefined; fileEncoding = undefined; includeInIndex = 0; lastKnownFileType = unknown; name = "PlusJakartaSans-ExtraBold.ttf"; path = "../assets/fonts/PlusJakartaSans-ExtraBold.ttf"; sourceTree = "<group>"; };
		877C053972D447AEBB0F1250 /* Inter-Regular.ttf */ = {isa = PBXFileReference; explicitFileType = undefined; fileEncoding = undefined; includeInIndex = 0; lastKnownFileType = unknown; name = "Inter-Regular.ttf"; path = "../assets/fonts/Inter-Regular.ttf"; sourceTree = "<group>"; };
		89C6BE57DB24E9ADA2F236DE /* Pods-XimpleTest-XimpleTestTests.release.xcconfig */ = {isa = PBXFileReference; includeInIndex = 1; lastKnownFileType = text.xcconfig; name = "Pods-XimpleTest-XimpleTestTests.release.xcconfig"; path = "Target Support Files/Pods-XimpleTest-XimpleTestTests/Pods-XimpleTest-XimpleTestTests.release.xcconfig"; sourceTree = "<group>"; };
		956E9C8F2BAA28AB004D0454 /* Fontisto.ttf */ = {isa = PBXFileReference; lastKnownFileType = file; path = Fontisto.ttf; sourceTree = "<group>"; };
		956E9C902BAA28AB004D0454 /* Octicons.ttf */ = {isa = PBXFileReference; lastKnownFileType = file; path = Octicons.ttf; sourceTree = "<group>"; };
		956E9C912BAA28AB004D0454 /* Feather.ttf */ = {isa = PBXFileReference; lastKnownFileType = file; path = Feather.ttf; sourceTree = "<group>"; };
		956E9C922BAA28AB004D0454 /* FontAwesome6_Regular.ttf */ = {isa = PBXFileReference; lastKnownFileType = file; path = FontAwesome6_Regular.ttf; sourceTree = "<group>"; };
		956E9C932BAA28AB004D0454 /* Entypo.ttf */ = {isa = PBXFileReference; lastKnownFileType = file; path = Entypo.ttf; sourceTree = "<group>"; };
		956E9C942BAA28AB004D0454 /* FontAwesome5_Brands.ttf */ = {isa = PBXFileReference; lastKnownFileType = file; path = FontAwesome5_Brands.ttf; sourceTree = "<group>"; };
		956E9C952BAA28AB004D0454 /* MaterialCommunityIcons.ttf */ = {isa = PBXFileReference; lastKnownFileType = file; path = MaterialCommunityIcons.ttf; sourceTree = "<group>"; };
		956E9C962BAA28AB004D0454 /* AntDesign.ttf */ = {isa = PBXFileReference; lastKnownFileType = file; path = AntDesign.ttf; sourceTree = "<group>"; };
		956E9C972BAA28AB004D0454 /* Foundation.ttf */ = {isa = PBXFileReference; lastKnownFileType = file; path = Foundation.ttf; sourceTree = "<group>"; };
		956E9C982BAA28AB004D0454 /* Ionicons.ttf */ = {isa = PBXFileReference; lastKnownFileType = file; path = Ionicons.ttf; sourceTree = "<group>"; };
		956E9C992BAA28AB004D0454 /* FontAwesome5_Solid.ttf */ = {isa = PBXFileReference; lastKnownFileType = file; path = FontAwesome5_Solid.ttf; sourceTree = "<group>"; };
		956E9C9A2BAA28AB004D0454 /* FontAwesome5_Regular.ttf */ = {isa = PBXFileReference; lastKnownFileType = file; path = FontAwesome5_Regular.ttf; sourceTree = "<group>"; };
		956E9C9B2BAA28AB004D0454 /* FontAwesome.ttf */ = {isa = PBXFileReference; lastKnownFileType = file; path = FontAwesome.ttf; sourceTree = "<group>"; };
		956E9C9C2BAA28AB004D0454 /* Zocial.ttf */ = {isa = PBXFileReference; lastKnownFileType = file; path = Zocial.ttf; sourceTree = "<group>"; };
		956E9C9D2BAA28AB004D0454 /* EvilIcons.ttf */ = {isa = PBXFileReference; lastKnownFileType = file; path = EvilIcons.ttf; sourceTree = "<group>"; };
		956E9C9E2BAA28AB004D0454 /* FontAwesome6_Solid.ttf */ = {isa = PBXFileReference; lastKnownFileType = file; path = FontAwesome6_Solid.ttf; sourceTree = "<group>"; };
		956E9C9F2BAA28AB004D0454 /* SimpleLineIcons.ttf */ = {isa = PBXFileReference; lastKnownFileType = file; path = SimpleLineIcons.ttf; sourceTree = "<group>"; };
		956E9CA02BAA28AB004D0454 /* FontAwesome6_Brands.ttf */ = {isa = PBXFileReference; lastKnownFileType = file; path = FontAwesome6_Brands.ttf; sourceTree = "<group>"; };
		956E9CA12BAA28AB004D0454 /* MaterialIcons.ttf */ = {isa = PBXFileReference; lastKnownFileType = file; path = MaterialIcons.ttf; sourceTree = "<group>"; };
		96A566571E174B758E210F4D /* PlusJakartaSans-Regular.ttf */ = {isa = PBXFileReference; explicitFileType = undefined; fileEncoding = undefined; includeInIndex = 0; lastKnownFileType = unknown; name = "PlusJakartaSans-Regular.ttf"; path = "../assets/fonts/PlusJakartaSans-Regular.ttf"; sourceTree = "<group>"; };
		9D83829A4C4649AF80B55490 /* Inter-Medium.ttf */ = {isa = PBXFileReference; explicitFileType = undefined; fileEncoding = undefined; includeInIndex = 0; lastKnownFileType = unknown; name = "Inter-Medium.ttf"; path = "../assets/fonts/Inter-Medium.ttf"; sourceTree = "<group>"; };
		9F96B2107A28404BA654B264 /* PlusJakartaSans-SemiBold.ttf */ = {isa = PBXFileReference; explicitFileType = undefined; fileEncoding = undefined; includeInIndex = 0; lastKnownFileType = unknown; name = "PlusJakartaSans-SemiBold.ttf"; path = "../assets/fonts/PlusJakartaSans-SemiBold.ttf"; sourceTree = "<group>"; };
		B3F5415520E04D7791B3EAD9 /* Inter-ExtraLight.ttf */ = {isa = PBXFileReference; explicitFileType = undefined; fileEncoding = undefined; includeInIndex = 0; lastKnownFileType = unknown; name = "Inter-ExtraLight.ttf"; path = "../assets/fonts/Inter-ExtraLight.ttf"; sourceTree = "<group>"; };
		BE0650418E8A45AC9B741025 /* PlusJakartaSans-ExtraLight.ttf */ = {isa = PBXFileReference; explicitFileType = undefined; fileEncoding = undefined; includeInIndex = 0; lastKnownFileType = unknown; name = "PlusJakartaSans-ExtraLight.ttf"; path = "../assets/fonts/PlusJakartaSans-ExtraLight.ttf"; sourceTree = "<group>"; };
		C13023954A9C40CDBB41632E /* PlusJakartaSans-ExtraBoldItalic.ttf */ = {isa = PBXFileReference; explicitFileType = undefined; fileEncoding = undefined; includeInIndex = 0; lastKnownFileType = unknown; name = "PlusJakartaSans-ExtraBoldItalic.ttf"; path = "../assets/fonts/PlusJakartaSans-ExtraBoldItalic.ttf"; sourceTree = "<group>"; };
		D829195456C34FC6B5551D5D /* PlusJakartaSans-Italic.ttf */ = {isa = PBXFileReference; explicitFileType = undefined; fileEncoding = undefined; includeInIndex = 0; lastKnownFileType = unknown; name = "PlusJakartaSans-Italic.ttf"; path = "../assets/fonts/PlusJakartaSans-Italic.ttf"; sourceTree = "<group>"; };
		DC753EA36D9B4CEAB1103321 /* PlusJakartaSans-BoldItalic.ttf */ = {isa = PBXFileReference; explicitFileType = undefined; fileEncoding = undefined; includeInIndex = 0; lastKnownFileType = unknown; name = "PlusJakartaSans-BoldItalic.ttf"; path = "../assets/fonts/PlusJakartaSans-BoldItalic.ttf"; sourceTree = "<group>"; };
		ED297162215061F000B7C4FE /* JavaScriptCore.framework */ = {isa = PBXFileReference; lastKnownFileType = wrapper.framework; name = JavaScriptCore.framework; path = System/Library/Frameworks/JavaScriptCore.framework; sourceTree = SDKROOT; };
		F0BE8E7B03BB4574804E0653 /* Inter-Thin.ttf */ = {isa = PBXFileReference; explicitFileType = undefined; fileEncoding = undefined; includeInIndex = 0; lastKnownFileType = unknown; name = "Inter-Thin.ttf"; path = "../assets/fonts/Inter-Thin.ttf"; sourceTree = "<group>"; };
		F19C596D9E344C9496C53E72 /* PlusJakartaSans-Light.ttf */ = {isa = PBXFileReference; explicitFileType = undefined; fileEncoding = undefined; includeInIndex = 0; lastKnownFileType = unknown; name = "PlusJakartaSans-Light.ttf"; path = "../assets/fonts/PlusJakartaSans-Light.ttf"; sourceTree = "<group>"; };
		FB3F99D7C8DA40699C1BBDC5 /* Inter-Bold.ttf */ = {isa = PBXFileReference; explicitFileType = undefined; fileEncoding = undefined; includeInIndex = 0; lastKnownFileType = unknown; name = "Inter-Bold.ttf"; path = "../assets/fonts/Inter-Bold.ttf"; sourceTree = "<group>"; };
		FC81CC88CA3B45ED8ADE4D26 /* PlusJakartaSans-SemiBoldItalic.ttf */ = {isa = PBXFileReference; explicitFileType = undefined; fileEncoding = undefined; includeInIndex = 0; lastKnownFileType = unknown; name = "PlusJakartaSans-SemiBoldItalic.ttf"; path = "../assets/fonts/PlusJakartaSans-SemiBoldItalic.ttf"; sourceTree = "<group>"; };
/* End PBXFileReference section */

/* Begin PBXFrameworksBuildPhase section */
		00E356EB1AD99517003FC87E /* Frameworks */ = {
			isa = PBXFrameworksBuildPhase;
			buildActionMask = 2147483647;
			files = (
				7699B88040F8A987B510C191 /* libPods-XimpleTest-XimpleTestTests.a in Frameworks */,
			);
			runOnlyForDeploymentPostprocessing = 0;
		};
		13B07F8C1A680F5B00A75B9A /* Frameworks */ = {
			isa = PBXFrameworksBuildPhase;
			buildActionMask = 2147483647;
			files = (
				0C80B921A6F3F58F76C31292 /* libPods-XimpleTest.a in Frameworks */,
			);
			runOnlyForDeploymentPostprocessing = 0;
		};
/* End PBXFrameworksBuildPhase section */

/* Begin PBXGroup section */
		00E356EF1AD99517003FC87E /* XimpleTestTests */ = {
			isa = PBXGroup;
			children = (
				00E356F21AD99517003FC87E /* XimpleTestTests.m */,
				00E356F01AD99517003FC87E /* Supporting Files */,
			);
			path = XimpleTestTests;
			sourceTree = "<group>";
		};
		00E356F01AD99517003FC87E /* Supporting Files */ = {
			isa = PBXGroup;
			children = (
				00E356F11AD99517003FC87E /* Info.plist */,
			);
			name = "Supporting Files";
			sourceTree = "<group>";
		};
		092189766DF74422AF335ECF /* Resources */ = {
			isa = PBXGroup;
			children = (
				46F7FEAB7F5B4F1383F0B354 /* Inter-Black.ttf */,
				FB3F99D7C8DA40699C1BBDC5 /* Inter-Bold.ttf */,
				6F6199A6ECBF43BEBA1D68C9 /* Inter-ExtraBold.ttf */,
				B3F5415520E04D7791B3EAD9 /* Inter-ExtraLight.ttf */,
				6CDE4F7F305D4911882BF051 /* Inter-Light.ttf */,
				9D83829A4C4649AF80B55490 /* Inter-Medium.ttf */,
				877C053972D447AEBB0F1250 /* Inter-Regular.ttf */,
				54E458CE08044E1F879FABC6 /* Inter-SemiBold.ttf */,
				F0BE8E7B03BB4574804E0653 /* Inter-Thin.ttf */,
				1AA3355EECB948CC98C87B71 /* PlusJakartaSans-Bold.ttf */,
				DC753EA36D9B4CEAB1103321 /* PlusJakartaSans-BoldItalic.ttf */,
				86DF416BA32D45A5A3124847 /* PlusJakartaSans-ExtraBold.ttf */,
				C13023954A9C40CDBB41632E /* PlusJakartaSans-ExtraBoldItalic.ttf */,
				BE0650418E8A45AC9B741025 /* PlusJakartaSans-ExtraLight.ttf */,
				78B45FFF7D7B4341B41685CC /* PlusJakartaSans-ExtraLightItalic.ttf */,
				D829195456C34FC6B5551D5D /* PlusJakartaSans-Italic.ttf */,
				F19C596D9E344C9496C53E72 /* PlusJakartaSans-Light.ttf */,
				7964EF1E58014C6F9EDC82BB /* PlusJakartaSans-LightItalic.ttf */,
				5E9D4FF6AE67401DA2315962 /* PlusJakartaSans-Medium.ttf */,
				08A0B17A94C04C66AF98DC84 /* PlusJakartaSans-MediumItalic.ttf */,
				96A566571E174B758E210F4D /* PlusJakartaSans-Regular.ttf */,
				9F96B2107A28404BA654B264 /* PlusJakartaSans-SemiBold.ttf */,
				FC81CC88CA3B45ED8ADE4D26 /* PlusJakartaSans-SemiBoldItalic.ttf */,
			);
			name = Resources;
			path = "";
			sourceTree = "<group>";
		};
		13B07FAE1A68108700A75B9A /* XimpleTest */ = {
			isa = PBXGroup;
			children = (
				13B07FAF1A68108700A75B9A /* AppDelegate.h */,
				13B07FB01A68108700A75B9A /* AppDelegate.mm */,
				13B07FB51A68108700A75B9A /* Images.xcassets */,
				13B07FB61A68108700A75B9A /* Info.plist */,
				81AB9BB72411601600AC10FF /* LaunchScreen.storyboard */,
				13B07FB71A68108700A75B9A /* main.m */,
			);
			name = XimpleTest;
			sourceTree = "<group>";
		};
		2D16E6871FA4F8E400B85C8A /* Frameworks */ = {
			isa = PBXGroup;
			children = (
				ED297162215061F000B7C4FE /* JavaScriptCore.framework */,
				5DCACB8F33CDC322A6C60F78 /* libPods-XimpleTest.a */,
				19F6CBCC0A4E27FBF8BF4A61 /* libPods-XimpleTest-XimpleTestTests.a */,
			);
			name = Frameworks;
			sourceTree = "<group>";
		};
		832341AE1AAA6A7D00B99B32 /* Libraries */ = {
			isa = PBXGroup;
			children = (
			);
			name = Libraries;
			sourceTree = "<group>";
		};
		83CBB9F61A601CBA00E9B192 = {
			isa = PBXGroup;
			children = (
				956E9C8E2BAA28AB004D0454 /* Fonts */,
				13B07FAE1A68108700A75B9A /* XimpleTest */,
				832341AE1AAA6A7D00B99B32 /* Libraries */,
				00E356EF1AD99517003FC87E /* XimpleTestTests */,
				83CBBA001A601CBA00E9B192 /* Products */,
				2D16E6871FA4F8E400B85C8A /* Frameworks */,
				BBD78D7AC51CEA395F1C20DB /* Pods */,
				092189766DF74422AF335ECF /* Resources */,
			);
			indentWidth = 2;
			sourceTree = "<group>";
			tabWidth = 2;
			usesTabs = 0;
		};
		83CBBA001A601CBA00E9B192 /* Products */ = {
			isa = PBXGroup;
			children = (
				13B07F961A680F5B00A75B9A /* XimpleTest.app */,
				00E356EE1AD99517003FC87E /* XimpleTestTests.xctest */,
			);
			name = Products;
			sourceTree = "<group>";
		};
		956E9C8E2BAA28AB004D0454 /* Fonts */ = {
			isa = PBXGroup;
			children = (
				956E9C8F2BAA28AB004D0454 /* Fontisto.ttf */,
				956E9C902BAA28AB004D0454 /* Octicons.ttf */,
				956E9C912BAA28AB004D0454 /* Feather.ttf */,
				956E9C922BAA28AB004D0454 /* FontAwesome6_Regular.ttf */,
				956E9C932BAA28AB004D0454 /* Entypo.ttf */,
				956E9C942BAA28AB004D0454 /* FontAwesome5_Brands.ttf */,
				956E9C952BAA28AB004D0454 /* MaterialCommunityIcons.ttf */,
				956E9C962BAA28AB004D0454 /* AntDesign.ttf */,
				956E9C972BAA28AB004D0454 /* Foundation.ttf */,
				956E9C982BAA28AB004D0454 /* Ionicons.ttf */,
				956E9C992BAA28AB004D0454 /* FontAwesome5_Solid.ttf */,
				956E9C9A2BAA28AB004D0454 /* FontAwesome5_Regular.ttf */,
				956E9C9B2BAA28AB004D0454 /* FontAwesome.ttf */,
				956E9C9C2BAA28AB004D0454 /* Zocial.ttf */,
				956E9C9D2BAA28AB004D0454 /* EvilIcons.ttf */,
				956E9C9E2BAA28AB004D0454 /* FontAwesome6_Solid.ttf */,
				956E9C9F2BAA28AB004D0454 /* SimpleLineIcons.ttf */,
				956E9CA02BAA28AB004D0454 /* FontAwesome6_Brands.ttf */,
				956E9CA12BAA28AB004D0454 /* MaterialIcons.ttf */,
			);
			path = Fonts;
			sourceTree = "<group>";
		};
		BBD78D7AC51CEA395F1C20DB /* Pods */ = {
			isa = PBXGroup;
			children = (
				3B4392A12AC88292D35C810B /* Pods-XimpleTest.debug.xcconfig */,
				5709B34CF0A7D63546082F79 /* Pods-XimpleTest.release.xcconfig */,
				5B7EB9410499542E8C5724F5 /* Pods-XimpleTest-XimpleTestTests.debug.xcconfig */,
				89C6BE57DB24E9ADA2F236DE /* Pods-XimpleTest-XimpleTestTests.release.xcconfig */,
			);
			path = Pods;
			sourceTree = "<group>";
		};
/* End PBXGroup section */

/* Begin PBXNativeTarget section */
		00E356ED1AD99517003FC87E /* XimpleTestTests */ = {
			isa = PBXNativeTarget;
			buildConfigurationList = 00E357021AD99517003FC87E /* Build configuration list for PBXNativeTarget "XimpleTestTests" */;
			buildPhases = (
				A55EABD7B0C7F3A422A6CC61 /* [CP] Check Pods Manifest.lock */,
				00E356EA1AD99517003FC87E /* Sources */,
				00E356EB1AD99517003FC87E /* Frameworks */,
				00E356EC1AD99517003FC87E /* Resources */,
				C59DA0FBD6956966B86A3779 /* [CP] Embed Pods Frameworks */,
				F6A41C54EA430FDDC6A6ED99 /* [CP] Copy Pods Resources */,
			);
			buildRules = (
			);
			dependencies = (
				00E356F51AD99517003FC87E /* PBXTargetDependency */,
			);
			name = XimpleTestTests;
			productName = XimpleTestTests;
			productReference = 00E356EE1AD99517003FC87E /* XimpleTestTests.xctest */;
			productType = "com.apple.product-type.bundle.unit-test";
		};
		13B07F861A680F5B00A75B9A /* XimpleTest */ = {
			isa = PBXNativeTarget;
			buildConfigurationList = 13B07F931A680F5B00A75B9A /* Build configuration list for PBXNativeTarget "XimpleTest" */;
			buildPhases = (
				C38B50BA6285516D6DCD4F65 /* [CP] Check Pods Manifest.lock */,
				13B07F871A680F5B00A75B9A /* Sources */,
				13B07F8C1A680F5B00A75B9A /* Frameworks */,
				13B07F8E1A680F5B00A75B9A /* Resources */,
				00DD1BFF1BD5951E006B06BC /* Bundle React Native code and images */,
				00EEFC60759A1932668264C0 /* [CP] Embed Pods Frameworks */,
				E235C05ADACE081382539298 /* [CP] Copy Pods Resources */,
			);
			buildRules = (
			);
			dependencies = (
			);
			name = XimpleTest;
			productName = XimpleTest;
			productReference = 13B07F961A680F5B00A75B9A /* XimpleTest.app */;
			productType = "com.apple.product-type.application";
		};
/* End PBXNativeTarget section */

/* Begin PBXProject section */
		83CBB9F71A601CBA00E9B192 /* Project object */ = {
			isa = PBXProject;
			attributes = {
				LastUpgradeCheck = 1210;
				TargetAttributes = {
					00E356ED1AD99517003FC87E = {
						CreatedOnToolsVersion = 6.2;
						TestTargetID = 13B07F861A680F5B00A75B9A;
					};
					13B07F861A680F5B00A75B9A = {
						LastSwiftMigration = 1120;
					};
				};
			};
			buildConfigurationList = 83CBB9FA1A601CBA00E9B192 /* Build configuration list for PBXProject "XimpleTest" */;
			compatibilityVersion = "Xcode 12.0";
			developmentRegion = en;
			hasScannedForEncodings = 0;
			knownRegions = (
				en,
				Base,
			);
			mainGroup = 83CBB9F61A601CBA00E9B192;
			productRefGroup = 83CBBA001A601CBA00E9B192 /* Products */;
			projectDirPath = "";
			projectRoot = "";
			targets = (
				13B07F861A680F5B00A75B9A /* XimpleTest */,
				00E356ED1AD99517003FC87E /* XimpleTestTests */,
			);
		};
/* End PBXProject section */

/* Begin PBXResourcesBuildPhase section */
		00E356EC1AD99517003FC87E /* Resources */ = {
			isa = PBXResourcesBuildPhase;
			buildActionMask = 2147483647;
			files = (
				956E9CB52BAA28AB004D0454 /* Ionicons.ttf in Resources */,
				956E9CBB2BAA28AB004D0454 /* FontAwesome.ttf in Resources */,
				956E9CA52BAA28AB004D0454 /* Octicons.ttf in Resources */,
				956E9CAF2BAA28AB004D0454 /* MaterialCommunityIcons.ttf in Resources */,
				956E9CC72BAA28AB004D0454 /* MaterialIcons.ttf in Resources */,
				956E9CA32BAA28AB004D0454 /* Fontisto.ttf in Resources */,
				956E9CB32BAA28AB004D0454 /* Foundation.ttf in Resources */,
				956E9CBD2BAA28AB004D0454 /* Zocial.ttf in Resources */,
				956E9CA72BAA28AB004D0454 /* Feather.ttf in Resources */,
				956E9CB92BAA28AB004D0454 /* FontAwesome5_Regular.ttf in Resources */,
				956E9CC32BAA28AB004D0454 /* SimpleLineIcons.ttf in Resources */,
				956E9CAD2BAA28AB004D0454 /* FontAwesome5_Brands.ttf in Resources */,
				956E9CC12BAA28AB004D0454 /* FontAwesome6_Solid.ttf in Resources */,
				956E9CAB2BAA28AB004D0454 /* Entypo.ttf in Resources */,
				956E9CB12BAA28AB004D0454 /* AntDesign.ttf in Resources */,
				956E9CB72BAA28AB004D0454 /* FontAwesome5_Solid.ttf in Resources */,
				956E9CBF2BAA28AB004D0454 /* EvilIcons.ttf in Resources */,
				956E9CC52BAA28AB004D0454 /* FontAwesome6_Brands.ttf in Resources */,
				956E9CA92BAA28AB004D0454 /* FontAwesome6_Regular.ttf in Resources */,
			);
			runOnlyForDeploymentPostprocessing = 0;
		};
		13B07F8E1A680F5B00A75B9A /* Resources */ = {
			isa = PBXResourcesBuildPhase;
			buildActionMask = 2147483647;
			files = (
				956E9CB82BAA28AB004D0454 /* FontAwesome5_Regular.ttf in Resources */,
				956E9CA22BAA28AB004D0454 /* Fontisto.ttf in Resources */,
				956E9CAC2BAA28AB004D0454 /* FontAwesome5_Brands.ttf in Resources */,
				956E9CB42BAA28AB004D0454 /* Ionicons.ttf in Resources */,
				956E9CB62BAA28AB004D0454 /* FontAwesome5_Solid.ttf in Resources */,
				956E9CAA2BAA28AB004D0454 /* Entypo.ttf in Resources */,
				81AB9BB82411601600AC10FF /* LaunchScreen.storyboard in Resources */,
				956E9CB02BAA28AB004D0454 /* AntDesign.ttf in Resources */,
				956E9CBC2BAA28AB004D0454 /* Zocial.ttf in Resources */,
				956E9CB22BAA28AB004D0454 /* Foundation.ttf in Resources */,
				956E9CC42BAA28AB004D0454 /* FontAwesome6_Brands.ttf in Resources */,
				956E9CA62BAA28AB004D0454 /* Feather.ttf in Resources */,
				956E9CC22BAA28AB004D0454 /* SimpleLineIcons.ttf in Resources */,
				956E9CBE2BAA28AB004D0454 /* EvilIcons.ttf in Resources */,
				956E9CA42BAA28AB004D0454 /* Octicons.ttf in Resources */,
				956E9CBA2BAA28AB004D0454 /* FontAwesome.ttf in Resources */,
				13B07FBF1A68108700A75B9A /* Images.xcassets in Resources */,
				956E9CAE2BAA28AB004D0454 /* MaterialCommunityIcons.ttf in Resources */,
				956E9CC02BAA28AB004D0454 /* FontAwesome6_Solid.ttf in Resources */,
				956E9CA82BAA28AB004D0454 /* FontAwesome6_Regular.ttf in Resources */,
				956E9CC62BAA28AB004D0454 /* MaterialIcons.ttf in Resources */,
				14B1057FBAC9493B8CBC6F71 /* Inter-Black.ttf in Resources */,
				F6F4D551E9B94F68938BA686 /* Inter-Bold.ttf in Resources */,
				5FAEABB71DE3480BA1FB47DF /* Inter-ExtraBold.ttf in Resources */,
				E657A91B9A4744A48C21504D /* Inter-ExtraLight.ttf in Resources */,
				18E33DFB58D047D78BED434B /* Inter-Light.ttf in Resources */,
				AEABE7EAE7C1458F8C97E474 /* Inter-Medium.ttf in Resources */,
				0AD84A97938C412392C9102F /* Inter-Regular.ttf in Resources */,
				6CECECB7D7634EF8870F0816 /* Inter-SemiBold.ttf in Resources */,
				AF74A5BDE3AB4DEF8E63FFEA /* Inter-Thin.ttf in Resources */,
				D8B606AE107040029C57CC18 /* PlusJakartaSans-Bold.ttf in Resources */,
				A30A946618FC499DAB8BE380 /* PlusJakartaSans-BoldItalic.ttf in Resources */,
				C718B7332F654F17BE4D94ED /* PlusJakartaSans-ExtraBold.ttf in Resources */,
				C9FDF23F3BC54EDDB848ED4B /* PlusJakartaSans-ExtraBoldItalic.ttf in Resources */,
				8BC6B4CA74ED47DF828158FA /* PlusJakartaSans-ExtraLight.ttf in Resources */,
				F2D7230C6AED4748BDA7942A /* PlusJakartaSans-ExtraLightItalic.ttf in Resources */,
				BA61180FDAE74B41B4CB078B /* PlusJakartaSans-Italic.ttf in Resources */,
				1A38B433E9B5415AA52E2BCD /* PlusJakartaSans-Light.ttf in Resources */,
				CDF2A62327194B0A98EB2F3B /* PlusJakartaSans-LightItalic.ttf in Resources */,
				DD9A3C878D8B4FAA858C6D24 /* PlusJakartaSans-Medium.ttf in Resources */,
				879B337743FC419DB48066B5 /* PlusJakartaSans-MediumItalic.ttf in Resources */,
				7EC729CE41B6449F955EF25F /* PlusJakartaSans-Regular.ttf in Resources */,
				531D836696A54F0DAD05121D /* PlusJakartaSans-SemiBold.ttf in Resources */,
				F6564F20B1514B9C9FB7E6A3 /* PlusJakartaSans-SemiBoldItalic.ttf in Resources */,
			);
			runOnlyForDeploymentPostprocessing = 0;
		};
/* End PBXResourcesBuildPhase section */

/* Begin PBXShellScriptBuildPhase section */
		00DD1BFF1BD5951E006B06BC /* Bundle React Native code and images */ = {
			isa = PBXShellScriptBuildPhase;
			buildActionMask = 2147483647;
			files = (
			);
			inputPaths = (
				"$(SRCROOT)/.xcode.env.local",
				"$(SRCROOT)/.xcode.env",
			);
			name = "Bundle React Native code and images";
			outputPaths = (
			);
			runOnlyForDeploymentPostprocessing = 0;
			shellPath = /bin/sh;
			shellScript = "set -e\n\nWITH_ENVIRONMENT=\"../node_modules/react-native/scripts/xcode/with-environment.sh\"\nREACT_NATIVE_XCODE=\"../node_modules/react-native/scripts/react-native-xcode.sh\"\n\n/bin/sh -c \"$WITH_ENVIRONMENT $REACT_NATIVE_XCODE\"\n";
		};
		00EEFC60759A1932668264C0 /* [CP] Embed Pods Frameworks */ = {
			isa = PBXShellScriptBuildPhase;
			buildActionMask = 2147483647;
			files = (
			);
			inputFileListPaths = (
				"${PODS_ROOT}/Target Support Files/Pods-XimpleTest/Pods-XimpleTest-frameworks-${CONFIGURATION}-input-files.xcfilelist",
			);
			name = "[CP] Embed Pods Frameworks";
			outputFileListPaths = (
				"${PODS_ROOT}/Target Support Files/Pods-XimpleTest/Pods-XimpleTest-frameworks-${CONFIGURATION}-output-files.xcfilelist",
			);
			runOnlyForDeploymentPostprocessing = 0;
			shellPath = /bin/sh;
			shellScript = "\"${PODS_ROOT}/Target Support Files/Pods-XimpleTest/Pods-XimpleTest-frameworks.sh\"\n";
			showEnvVarsInLog = 0;
		};
		A55EABD7B0C7F3A422A6CC61 /* [CP] Check Pods Manifest.lock */ = {
			isa = PBXShellScriptBuildPhase;
			buildActionMask = 2147483647;
			files = (
			);
			inputFileListPaths = (
			);
			inputPaths = (
				"${PODS_PODFILE_DIR_PATH}/Podfile.lock",
				"${PODS_ROOT}/Manifest.lock",
			);
			name = "[CP] Check Pods Manifest.lock";
			outputFileListPaths = (
			);
			outputPaths = (
				"$(DERIVED_FILE_DIR)/Pods-XimpleTest-XimpleTestTests-checkManifestLockResult.txt",
			);
			runOnlyForDeploymentPostprocessing = 0;
			shellPath = /bin/sh;
			shellScript = "diff \"${PODS_PODFILE_DIR_PATH}/Podfile.lock\" \"${PODS_ROOT}/Manifest.lock\" > /dev/null\nif [ $? != 0 ] ; then\n    # print error to STDERR\n    echo \"error: The sandbox is not in sync with the Podfile.lock. Run 'pod install' or update your CocoaPods installation.\" >&2\n    exit 1\nfi\n# This output is used by Xcode 'outputs' to avoid re-running this script phase.\necho \"SUCCESS\" > \"${SCRIPT_OUTPUT_FILE_0}\"\n";
			showEnvVarsInLog = 0;
		};
		C38B50BA6285516D6DCD4F65 /* [CP] Check Pods Manifest.lock */ = {
			isa = PBXShellScriptBuildPhase;
			buildActionMask = 2147483647;
			files = (
			);
			inputFileListPaths = (
			);
			inputPaths = (
				"${PODS_PODFILE_DIR_PATH}/Podfile.lock",
				"${PODS_ROOT}/Manifest.lock",
			);
			name = "[CP] Check Pods Manifest.lock";
			outputFileListPaths = (
			);
			outputPaths = (
				"$(DERIVED_FILE_DIR)/Pods-XimpleTest-checkManifestLockResult.txt",
			);
			runOnlyForDeploymentPostprocessing = 0;
			shellPath = /bin/sh;
			shellScript = "diff \"${PODS_PODFILE_DIR_PATH}/Podfile.lock\" \"${PODS_ROOT}/Manifest.lock\" > /dev/null\nif [ $? != 0 ] ; then\n    # print error to STDERR\n    echo \"error: The sandbox is not in sync with the Podfile.lock. Run 'pod install' or update your CocoaPods installation.\" >&2\n    exit 1\nfi\n# This output is used by Xcode 'outputs' to avoid re-running this script phase.\necho \"SUCCESS\" > \"${SCRIPT_OUTPUT_FILE_0}\"\n";
			showEnvVarsInLog = 0;
		};
		C59DA0FBD6956966B86A3779 /* [CP] Embed Pods Frameworks */ = {
			isa = PBXShellScriptBuildPhase;
			buildActionMask = 2147483647;
			files = (
			);
			inputFileListPaths = (
				"${PODS_ROOT}/Target Support Files/Pods-XimpleTest-XimpleTestTests/Pods-XimpleTest-XimpleTestTests-frameworks-${CONFIGURATION}-input-files.xcfilelist",
			);
			name = "[CP] Embed Pods Frameworks";
			outputFileListPaths = (
				"${PODS_ROOT}/Target Support Files/Pods-XimpleTest-XimpleTestTests/Pods-XimpleTest-XimpleTestTests-frameworks-${CONFIGURATION}-output-files.xcfilelist",
			);
			runOnlyForDeploymentPostprocessing = 0;
			shellPath = /bin/sh;
			shellScript = "\"${PODS_ROOT}/Target Support Files/Pods-XimpleTest-XimpleTestTests/Pods-XimpleTest-XimpleTestTests-frameworks.sh\"\n";
			showEnvVarsInLog = 0;
		};
		E235C05ADACE081382539298 /* [CP] Copy Pods Resources */ = {
			isa = PBXShellScriptBuildPhase;
			buildActionMask = 2147483647;
			files = (
			);
			inputFileListPaths = (
				"${PODS_ROOT}/Target Support Files/Pods-XimpleTest/Pods-XimpleTest-resources-${CONFIGURATION}-input-files.xcfilelist",
			);
			name = "[CP] Copy Pods Resources";
			outputFileListPaths = (
				"${PODS_ROOT}/Target Support Files/Pods-XimpleTest/Pods-XimpleTest-resources-${CONFIGURATION}-output-files.xcfilelist",
			);
			runOnlyForDeploymentPostprocessing = 0;
			shellPath = /bin/sh;
			shellScript = "\"${PODS_ROOT}/Target Support Files/Pods-XimpleTest/Pods-XimpleTest-resources.sh\"\n";
			showEnvVarsInLog = 0;
		};
		F6A41C54EA430FDDC6A6ED99 /* [CP] Copy Pods Resources */ = {
			isa = PBXShellScriptBuildPhase;
			buildActionMask = 2147483647;
			files = (
			);
			inputFileListPaths = (
				"${PODS_ROOT}/Target Support Files/Pods-XimpleTest-XimpleTestTests/Pods-XimpleTest-XimpleTestTests-resources-${CONFIGURATION}-input-files.xcfilelist",
			);
			name = "[CP] Copy Pods Resources";
			outputFileListPaths = (
				"${PODS_ROOT}/Target Support Files/Pods-XimpleTest-XimpleTestTests/Pods-XimpleTest-XimpleTestTests-resources-${CONFIGURATION}-output-files.xcfilelist",
			);
			runOnlyForDeploymentPostprocessing = 0;
			shellPath = /bin/sh;
			shellScript = "\"${PODS_ROOT}/Target Support Files/Pods-XimpleTest-XimpleTestTests/Pods-XimpleTest-XimpleTestTests-resources.sh\"\n";
			showEnvVarsInLog = 0;
		};
/* End PBXShellScriptBuildPhase section */

/* Begin PBXSourcesBuildPhase section */
		00E356EA1AD99517003FC87E /* Sources */ = {
			isa = PBXSourcesBuildPhase;
			buildActionMask = 2147483647;
			files = (
				00E356F31AD99517003FC87E /* XimpleTestTests.m in Sources */,
			);
			runOnlyForDeploymentPostprocessing = 0;
		};
		13B07F871A680F5B00A75B9A /* Sources */ = {
			isa = PBXSourcesBuildPhase;
			buildActionMask = 2147483647;
			files = (
				13B07FBC1A68108700A75B9A /* AppDelegate.mm in Sources */,
				13B07FC11A68108700A75B9A /* main.m in Sources */,
			);
			runOnlyForDeploymentPostprocessing = 0;
		};
/* End PBXSourcesBuildPhase section */

/* Begin PBXTargetDependency section */
		00E356F51AD99517003FC87E /* PBXTargetDependency */ = {
			isa = PBXTargetDependency;
			target = 13B07F861A680F5B00A75B9A /* XimpleTest */;
			targetProxy = 00E356F41AD99517003FC87E /* PBXContainerItemProxy */;
		};
/* End PBXTargetDependency section */

/* Begin XCBuildConfiguration section */
		00E356F61AD99517003FC87E /* Debug */ = {
			isa = XCBuildConfiguration;
			baseConfigurationReference = 5B7EB9410499542E8C5724F5 /* Pods-XimpleTest-XimpleTestTests.debug.xcconfig */;
			buildSettings = {
				BUNDLE_LOADER = "$(TEST_HOST)";
				GCC_PREPROCESSOR_DEFINITIONS = (
					"DEBUG=1",
					"$(inherited)",
				);
				INFOPLIST_FILE = XimpleTestTests/Info.plist;
				IPHONEOS_DEPLOYMENT_TARGET = 13.4;
				LD_RUNPATH_SEARCH_PATHS = (
					"$(inherited)",
					"@executable_path/Frameworks",
					"@loader_path/Frameworks",
				);
				OTHER_LDFLAGS = (
					"-ObjC",
					"-lc++",
					"$(inherited)",
				);
				PRODUCT_BUNDLE_IDENTIFIER = "org.reactjs.native.example.$(PRODUCT_NAME:rfc1034identifier)";
				PRODUCT_NAME = "$(TARGET_NAME)";
				TEST_HOST = "$(BUILT_PRODUCTS_DIR)/XimpleTest.app/XimpleTest";
			};
			name = Debug;
		};
		00E356F71AD99517003FC87E /* Release */ = {
			isa = XCBuildConfiguration;
			baseConfigurationReference = 89C6BE57DB24E9ADA2F236DE /* Pods-XimpleTest-XimpleTestTests.release.xcconfig */;
			buildSettings = {
				BUNDLE_LOADER = "$(TEST_HOST)";
				COPY_PHASE_STRIP = NO;
				INFOPLIST_FILE = XimpleTestTests/Info.plist;
				IPHONEOS_DEPLOYMENT_TARGET = 13.4;
				LD_RUNPATH_SEARCH_PATHS = (
					"$(inherited)",
					"@executable_path/Frameworks",
					"@loader_path/Frameworks",
				);
				OTHER_LDFLAGS = (
					"-ObjC",
					"-lc++",
					"$(inherited)",
				);
				PRODUCT_BUNDLE_IDENTIFIER = "org.reactjs.native.example.$(PRODUCT_NAME:rfc1034identifier)";
				PRODUCT_NAME = "$(TARGET_NAME)";
				TEST_HOST = "$(BUILT_PRODUCTS_DIR)/XimpleTest.app/XimpleTest";
			};
			name = Release;
		};
		13B07F941A680F5B00A75B9A /* Debug */ = {
			isa = XCBuildConfiguration;
			baseConfigurationReference = 3B4392A12AC88292D35C810B /* Pods-XimpleTest.debug.xcconfig */;
			buildSettings = {
				ASSETCATALOG_COMPILER_APPICON_NAME = AppIcon;
				CLANG_ENABLE_MODULES = YES;
				CURRENT_PROJECT_VERSION = 1;
				ENABLE_BITCODE = NO;
				INFOPLIST_FILE = XimpleTest/Info.plist;
				LD_RUNPATH_SEARCH_PATHS = (
					"$(inherited)",
					"@executable_path/Frameworks",
				);
				MARKETING_VERSION = 1.0;
				OTHER_LDFLAGS = (
					"$(inherited)",
					"-ObjC",
					"-lc++",
				);
				PRODUCT_BUNDLE_IDENTIFIER = "org.reactjs.native.example.$(PRODUCT_NAME:rfc1034identifier)";
				PRODUCT_NAME = XimpleTest;
				SWIFT_OPTIMIZATION_LEVEL = "-Onone";
				SWIFT_VERSION = 5.0;
				VERSIONING_SYSTEM = "apple-generic";
			};
			name = Debug;
		};
		13B07F951A680F5B00A75B9A /* Release */ = {
			isa = XCBuildConfiguration;
			baseConfigurationReference = 5709B34CF0A7D63546082F79 /* Pods-XimpleTest.release.xcconfig */;
			buildSettings = {
				ASSETCATALOG_COMPILER_APPICON_NAME = AppIcon;
				CLANG_ENABLE_MODULES = YES;
				CURRENT_PROJECT_VERSION = 1;
				INFOPLIST_FILE = XimpleTest/Info.plist;
				LD_RUNPATH_SEARCH_PATHS = (
					"$(inherited)",
					"@executable_path/Frameworks",
				);
				MARKETING_VERSION = 1.0;
				OTHER_LDFLAGS = (
					"$(inherited)",
					"-ObjC",
					"-lc++",
				);
				PRODUCT_BUNDLE_IDENTIFIER = "org.reactjs.native.example.$(PRODUCT_NAME:rfc1034identifier)";
				PRODUCT_NAME = XimpleTest;
				SWIFT_VERSION = 5.0;
				VERSIONING_SYSTEM = "apple-generic";
			};
			name = Release;
		};
		83CBBA201A601CBA00E9B192 /* Debug */ = {
			isa = XCBuildConfiguration;
			buildSettings = {
				ALWAYS_SEARCH_USER_PATHS = NO;
				CLANG_ANALYZER_LOCALIZABILITY_NONLOCALIZED = YES;
				CLANG_CXX_LANGUAGE_STANDARD = "c++20";
				CLANG_CXX_LIBRARY = "libc++";
				CLANG_ENABLE_MODULES = YES;
				CLANG_ENABLE_OBJC_ARC = YES;
				CLANG_WARN_BLOCK_CAPTURE_AUTORELEASING = YES;
				CLANG_WARN_BOOL_CONVERSION = YES;
				CLANG_WARN_COMMA = YES;
				CLANG_WARN_CONSTANT_CONVERSION = YES;
				CLANG_WARN_DEPRECATED_OBJC_IMPLEMENTATIONS = YES;
				CLANG_WARN_DIRECT_OBJC_ISA_USAGE = YES_ERROR;
				CLANG_WARN_EMPTY_BODY = YES;
				CLANG_WARN_ENUM_CONVERSION = YES;
				CLANG_WARN_INFINITE_RECURSION = YES;
				CLANG_WARN_INT_CONVERSION = YES;
				CLANG_WARN_NON_LITERAL_NULL_CONVERSION = YES;
				CLANG_WARN_OBJC_IMPLICIT_RETAIN_SELF = YES;
				CLANG_WARN_OBJC_LITERAL_CONVERSION = YES;
				CLANG_WARN_OBJC_ROOT_CLASS = YES_ERROR;
				CLANG_WARN_QUOTED_INCLUDE_IN_FRAMEWORK_HEADER = YES;
				CLANG_WARN_RANGE_LOOP_ANALYSIS = YES;
				CLANG_WARN_STRICT_PROTOTYPES = YES;
				CLANG_WARN_SUSPICIOUS_MOVE = YES;
				CLANG_WARN_UNREACHABLE_CODE = YES;
				CLANG_WARN__DUPLICATE_METHOD_MATCH = YES;
				"CODE_SIGN_IDENTITY[sdk=iphoneos*]" = "iPhone Developer";
				COPY_PHASE_STRIP = NO;
				ENABLE_STRICT_OBJC_MSGSEND = YES;
				ENABLE_TESTABILITY = YES;
				"EXCLUDED_ARCHS[sdk=iphonesimulator*]" = i386;
				GCC_C_LANGUAGE_STANDARD = gnu99;
				GCC_DYNAMIC_NO_PIC = NO;
				GCC_NO_COMMON_BLOCKS = YES;
				GCC_OPTIMIZATION_LEVEL = 0;
				GCC_PREPROCESSOR_DEFINITIONS = (
					"DEBUG=1",
					"$(inherited)",
				);
				GCC_SYMBOLS_PRIVATE_EXTERN = NO;
				GCC_WARN_64_TO_32_BIT_CONVERSION = YES;
				GCC_WARN_ABOUT_RETURN_TYPE = YES_ERROR;
				GCC_WARN_UNDECLARED_SELECTOR = YES;
				GCC_WARN_UNINITIALIZED_AUTOS = YES_AGGRESSIVE;
				GCC_WARN_UNUSED_FUNCTION = YES;
				GCC_WARN_UNUSED_VARIABLE = YES;
				IPHONEOS_DEPLOYMENT_TARGET = 13.4;
				LD_RUNPATH_SEARCH_PATHS = (
					/usr/lib/swift,
					"$(inherited)",
				);
				LIBRARY_SEARCH_PATHS = (
					"\"$(SDKROOT)/usr/lib/swift\"",
					"\"$(TOOLCHAIN_DIR)/usr/lib/swift/$(PLATFORM_NAME)\"",
					"\"$(inherited)\"",
				);
				MTL_ENABLE_DEBUG_INFO = YES;
				ONLY_ACTIVE_ARCH = YES;
				OTHER_CFLAGS = "$(inherited)";
				OTHER_CPLUSPLUSFLAGS = (
					"$(OTHER_CFLAGS)",
					"-DFOLLY_NO_CONFIG",
					"-DFOLLY_MOBILE=1",
					"-DFOLLY_USE_LIBCPP=1",
					"-DFOLLY_CFG_NO_COROUTINES=1",
				);
				OTHER_LDFLAGS = (
					"$(inherited)",
					" ",
				);
				REACT_NATIVE_PATH = "${PODS_ROOT}/../../node_modules/react-native";
				SDKROOT = iphoneos;
				USE_HERMES = true;
			};
			name = Debug;
		};
		83CBBA211A601CBA00E9B192 /* Release */ = {
			isa = XCBuildConfiguration;
			buildSettings = {
				ALWAYS_SEARCH_USER_PATHS = NO;
				CLANG_ANALYZER_LOCALIZABILITY_NONLOCALIZED = YES;
				CLANG_CXX_LANGUAGE_STANDARD = "c++20";
				CLANG_CXX_LIBRARY = "libc++";
				CLANG_ENABLE_MODULES = YES;
				CLANG_ENABLE_OBJC_ARC = YES;
				CLANG_WARN_BLOCK_CAPTURE_AUTORELEASING = YES;
				CLANG_WARN_BOOL_CONVERSION = YES;
				CLANG_WARN_COMMA = YES;
				CLANG_WARN_CONSTANT_CONVERSION = YES;
				CLANG_WARN_DEPRECATED_OBJC_IMPLEMENTATIONS = YES;
				CLANG_WARN_DIRECT_OBJC_ISA_USAGE = YES_ERROR;
				CLANG_WARN_EMPTY_BODY = YES;
				CLANG_WARN_ENUM_CONVERSION = YES;
				CLANG_WARN_INFINITE_RECURSION = YES;
				CLANG_WARN_INT_CONVERSION = YES;
				CLANG_WARN_NON_LITERAL_NULL_CONVERSION = YES;
				CLANG_WARN_OBJC_IMPLICIT_RETAIN_SELF = YES;
				CLANG_WARN_OBJC_LITERAL_CONVERSION = YES;
				CLANG_WARN_OBJC_ROOT_CLASS = YES_ERROR;
				CLANG_WARN_QUOTED_INCLUDE_IN_FRAMEWORK_HEADER = YES;
				CLANG_WARN_RANGE_LOOP_ANALYSIS = YES;
				CLANG_WARN_STRICT_PROTOTYPES = YES;
				CLANG_WARN_SUSPICIOUS_MOVE = YES;
				CLANG_WARN_UNREACHABLE_CODE = YES;
				CLANG_WARN__DUPLICATE_METHOD_MATCH = YES;
				"CODE_SIGN_IDENTITY[sdk=iphoneos*]" = "iPhone Developer";
				COPY_PHASE_STRIP = YES;
				ENABLE_NS_ASSERTIONS = NO;
				ENABLE_STRICT_OBJC_MSGSEND = YES;
				"EXCLUDED_ARCHS[sdk=iphonesimulator*]" = i386;
				GCC_C_LANGUAGE_STANDARD = gnu99;
				GCC_NO_COMMON_BLOCKS = YES;
				GCC_WARN_64_TO_32_BIT_CONVERSION = YES;
				GCC_WARN_ABOUT_RETURN_TYPE = YES_ERROR;
				GCC_WARN_UNDECLARED_SELECTOR = YES;
				GCC_WARN_UNINITIALIZED_AUTOS = YES_AGGRESSIVE;
				GCC_WARN_UNUSED_FUNCTION = YES;
				GCC_WARN_UNUSED_VARIABLE = YES;
				IPHONEOS_DEPLOYMENT_TARGET = 13.4;
				LD_RUNPATH_SEARCH_PATHS = (
					/usr/lib/swift,
					"$(inherited)",
				);
				LIBRARY_SEARCH_PATHS = (
					"\"$(SDKROOT)/usr/lib/swift\"",
					"\"$(TOOLCHAIN_DIR)/usr/lib/swift/$(PLATFORM_NAME)\"",
					"\"$(inherited)\"",
				);
				MTL_ENABLE_DEBUG_INFO = NO;
				OTHER_CFLAGS = "$(inherited)";
				OTHER_CPLUSPLUSFLAGS = (
					"$(OTHER_CFLAGS)",
					"-DFOLLY_NO_CONFIG",
					"-DFOLLY_MOBILE=1",
					"-DFOLLY_USE_LIBCPP=1",
					"-DFOLLY_CFG_NO_COROUTINES=1",
				);
				OTHER_LDFLAGS = (
					"$(inherited)",
					" ",
				);
				REACT_NATIVE_PATH = "${PODS_ROOT}/../../node_modules/react-native";
				SDKROOT = iphoneos;
				USE_HERMES = true;
				VALIDATE_PRODUCT = YES;
			};
			name = Release;
		};
/* End XCBuildConfiguration section */

/* Begin XCConfigurationList section */
		00E357021AD99517003FC87E /* Build configuration list for PBXNativeTarget "XimpleTestTests" */ = {
			isa = XCConfigurationList;
			buildConfigurations = (
				00E356F61AD99517003FC87E /* Debug */,
				00E356F71AD99517003FC87E /* Release */,
			);
			defaultConfigurationIsVisible = 0;
			defaultConfigurationName = Release;
		};
		13B07F931A680F5B00A75B9A /* Build configuration list for PBXNativeTarget "XimpleTest" */ = {
			isa = XCConfigurationList;
			buildConfigurations = (
				13B07F941A680F5B00A75B9A /* Debug */,
				13B07F951A680F5B00A75B9A /* Release */,
			);
			defaultConfigurationIsVisible = 0;
			defaultConfigurationName = Release;
		};
		83CBB9FA1A601CBA00E9B192 /* Build configuration list for PBXProject "XimpleTest" */ = {
			isa = XCConfigurationList;
			buildConfigurations = (
				83CBBA201A601CBA00E9B192 /* Debug */,
				83CBBA211A601CBA00E9B192 /* Release */,
			);
			defaultConfigurationIsVisible = 0;
			defaultConfigurationName = Release;
		};
/* End XCConfigurationList section */
	};
	rootObject = 83CBB9F71A601CBA00E9B192 /* Project object */;
}
